
Microsoft Visual Studio Solution File, Format Version 12.00
# Visual Studio 15
VisualStudioVersion = 15.0.28307.421
MinimumVisualStudioVersion = 10.0.40219.1
Project("{FAE04EC0-301F-11D3-BF4B-00C04F79EFBC}") = "Random_1", "Random_1\Random_1.csproj", "{5947A405-FF58-471F-B3D2-91C6DDA58188}"
EndProject
Project("{FAE04EC0-301F-11D3-BF4B-00C04F79EFBC}") = "square  N x N", "square  N x N\square  N x N.csproj", "{39C77DE7-A80C-4E2D-B74D-28F29F64C90D}"
EndProject
Global
	GlobalSection(SolutionConfigurationPlatforms) = preSolution
		Debug|Any CPU = Debug|Any CPU
		Release|Any CPU = Release|Any CPU
	EndGlobalSection
	GlobalSection(ProjectConfigurationPlatforms) = postSolution
		{5947A405-FF58-471F-B3D2-91C6DDA58188}.Debug|Any CPU.ActiveCfg = Debug|Any CPU
		{5947A405-FF58-471F-B3D2-91C6DDA58188}.Debug|Any CPU.Build.0 = Debug|Any CPU
		{5947A405-FF58-471F-B3D2-91C6DDA58188}.Release|Any CPU.ActiveCfg = Release|Any CPU
		{5947A405-FF58-471F-B3D2-91C6DDA58188}.Release|Any CPU.Build.0 = Release|Any CPU
		{39C77DE7-A80C-4E2D-B74D-28F29F64C90D}.Debug|Any CPU.ActiveCfg = Debug|Any CPU
		{39C77DE7-A80C-4E2D-B74D-28F29F64C90D}.Debug|Any CPU.Build.0 = Debug|Any CPU
		{39C77DE7-A80C-4E2D-B74D-28F29F64C90D}.Release|Any CPU.ActiveCfg = Release|Any CPU
		{39C77DE7-A80C-4E2D-B74D-28F29F64C90D}.Release|Any CPU.Build.0 = Release|Any CPU
	EndGlobalSection
	GlobalSection(SolutionProperties) = preSolution
		HideSolutionNode = FALSE
	EndGlobalSection
	GlobalSection(ExtensibilityGlobals) = postSolution
		SolutionGuid = {14C65381-F7E4-4512-80A1-98605414B0A9}
	EndGlobalSection
EndGlobal
